
Microsoft Visual Studio Solution File, Format Version 12.00
# Visual Studio Version 17
VisualStudioVersion = 17.1.32210.238
MinimumVisualStudioVersion = 10.0.40219.1
Project("{8BC9CEB8-8B4A-11D0-8D11-00A0C91BC942}") = "NativeAcceleration", "NativeAcceleration\NativeAcceleration.vcxproj", "{7976E078-C29C-487D-B354-F9ED8A497178}"
EndProject
Project("{8BC9CEB8-8B4A-11D0-8D11-00A0C91BC942}") = "LibTorchSharp", "LibTorchSharp\LibTorchSharp.vcxproj", "{DE0DFFEB-5F85-49D8-AD4B-208A369FD70F}"
EndProject
Project("{9A19103F-16F7-4668-BE54-9A1E7A4F7556}") = "WarpControls", "WarpControls\WarpControls.csproj", "{5AA36598-9DD9-4A61-91E3-4892FB3E33B0}"
EndProject
Project("{9A19103F-16F7-4668-BE54-9A1E7A4F7556}") = "WarpLib", "WarpLib\WarpLib.csproj", "{280AFF87-0AB7-4EDF-B9A7-F0B822CDFE36}"
EndProject
Project("{9A19103F-16F7-4668-BE54-9A1E7A4F7556}") = "WarpWorker", "WarpWorker\WarpWorker.csproj", "{F3CFDFE7-2F05-47CD-8D06-911520FFCAAE}"
EndProject
Project("{9A19103F-16F7-4668-BE54-9A1E7A4F7556}") = "Warp", "Warp\Warp.csproj", "{144DFAC2-CE37-4681-9C24-085B48C4BF6D}"
	ProjectSection(ProjectDependencies) = postProject
		{7976E078-C29C-487D-B354-F9ED8A497178} = {7976E078-C29C-487D-B354-F9ED8A497178}
		{DD9F1C47-5751-4A37-B415-3A102E587CFD} = {DD9F1C47-5751-4A37-B415-3A102E587CFD}
		{DE0DFFEB-5F85-49D8-AD4B-208A369FD70F} = {DE0DFFEB-5F85-49D8-AD4B-208A369FD70F}
		{F3CFDFE7-2F05-47CD-8D06-911520FFCAAE} = {F3CFDFE7-2F05-47CD-8D06-911520FFCAAE}
	EndProjectSection
EndProject
Project("{9A19103F-16F7-4668-BE54-9A1E7A4F7556}") = "TorchSharp", "TorchSharp\TorchSharp.csproj", "{DD9F1C47-5751-4A37-B415-3A102E587CFD}"
EndProject
Project("{9A19103F-16F7-4668-BE54-9A1E7A4F7556}") = "M", "M\M.csproj", "{50F4A9FC-4F3C-4D24-8859-04386BD2740A}"
	ProjectSection(ProjectDependencies) = postProject
		{F3CFDFE7-2F05-47CD-8D06-911520FFCAAE} = {F3CFDFE7-2F05-47CD-8D06-911520FFCAAE}
	EndProjectSection
EndProject
Project("{9A19103F-16F7-4668-BE54-9A1E7A4F7556}") = "Noise2Map", "Noise2Map\Noise2Map.csproj", "{8FCFC3F3-EBA1-4703-8054-E15D12DBB1B8}"
	ProjectSection(ProjectDependencies) = postProject
		{7976E078-C29C-487D-B354-F9ED8A497178} = {7976E078-C29C-487D-B354-F9ED8A497178}
		{DD9F1C47-5751-4A37-B415-3A102E587CFD} = {DD9F1C47-5751-4A37-B415-3A102E587CFD}
		{DE0DFFEB-5F85-49D8-AD4B-208A369FD70F} = {DE0DFFEB-5F85-49D8-AD4B-208A369FD70F}
	EndProjectSection
EndProject
Project("{9A19103F-16F7-4668-BE54-9A1E7A4F7556}") = "Noise2Tomo", "Noise2Tomo\Noise2Tomo.csproj", "{B7ABC440-169A-40CD-AF59-F1C66E2C48A8}"
EndProject
Project("{9A19103F-16F7-4668-BE54-9A1E7A4F7556}") = "Noise2Mic", "Noise2Mic\Noise2Mic.csproj", "{17A24EDC-8094-42CD-BE5B-C2BDF85001F8}"
EndProject
Project("{9A19103F-16F7-4668-BE54-9A1E7A4F7556}") = "EstimateWeights", "EstimateWeights\EstimateWeights.csproj", "{01A4BE6A-4C94-4967-AF8C-2FA0C7CA2890}"
EndProject
Project("{2150E333-8FDC-42A3-9474-1A3956D46DE8}") = "Solution Items", "Solution Items", "{4120D4D4-B353-4BA2-9CCD-20421A0CF199}"
	ProjectSection(SolutionItems) = preProject
		Directory.Build.props = Directory.Build.props
	EndProjectSection
EndProject
Project("{9A19103F-16F7-4668-BE54-9A1E7A4F7556}") = "Frankenmap", "Frankenmap\Frankenmap.csproj", "{8436BCF8-A58D-416B-86B4-4261B5B0B1A6}"
EndProject
Project("{9A19103F-16F7-4668-BE54-9A1E7A4F7556}") = "Noise2Half", "Noise2Half\Noise2Half.csproj", "{203DE4FA-BD97-4A63-A475-F87B4C73539A}"
EndProject
Project("{9A19103F-16F7-4668-BE54-9A1E7A4F7556}") = "WarpTools", "WarpTools\WarpTools.csproj", "{D914414D-054A-4A89-B9D3-A243EA534A70}"
	ProjectSection(ProjectDependencies) = postProject
		{F3CFDFE7-2F05-47CD-8D06-911520FFCAAE} = {F3CFDFE7-2F05-47CD-8D06-911520FFCAAE}
	EndProjectSection
EndProject
Project("{9A19103F-16F7-4668-BE54-9A1E7A4F7556}") = "PCA3D", "PCA3D\PCA3D.csproj", "{531668FB-7250-412E-AD05-3FA5FC94F2FA}"
EndProject
Project("{9A19103F-16F7-4668-BE54-9A1E7A4F7556}") = "MrcConverter", "MrcConverter\MrcConverter.csproj", "{53CA09BA-62D9-4BBA-AE3F-AD552FEC5350}"
EndProject
Project("{9A19103F-16F7-4668-BE54-9A1E7A4F7556}") = "MCore", "MCore\MCore.csproj", "{10B1FC68-71BB-4E23-8CEE-CFDEE733C39F}"
	ProjectSection(ProjectDependencies) = postProject
		{F3CFDFE7-2F05-47CD-8D06-911520FFCAAE} = {F3CFDFE7-2F05-47CD-8D06-911520FFCAAE}
	EndProjectSection
EndProject
Project("{9A19103F-16F7-4668-BE54-9A1E7A4F7556}") = "MTools", "MTools\MTools.csproj", "{FA109D4B-F49F-48F1-83FF-76661A3764A6}"
	ProjectSection(ProjectDependencies) = postProject
		{7976E078-C29C-487D-B354-F9ED8A497178} = {7976E078-C29C-487D-B354-F9ED8A497178}
		{DE0DFFEB-5F85-49D8-AD4B-208A369FD70F} = {DE0DFFEB-5F85-49D8-AD4B-208A369FD70F}
		{F3CFDFE7-2F05-47CD-8D06-911520FFCAAE} = {F3CFDFE7-2F05-47CD-8D06-911520FFCAAE}
	EndProjectSection
EndProject
Project("{9A19103F-16F7-4668-BE54-9A1E7A4F7556}") = "Snippets", "Snippets\Snippets.csproj", "{9858EBFC-4DCC-4FB9-A7B6-97D7E4F6BB30}"
EndProject
Project("{9A19103F-16F7-4668-BE54-9A1E7A4F7556}") = "Cube", "Cube\Cube.csproj", "{D580E8AD-7A8D-4AC4-849C-D86BE88CDFC2}"
EndProject
Global
	GlobalSection(SolutionConfigurationPlatforms) = preSolution
		Debug|Any CPU = Debug|Any CPU
		Debug|x64 = Debug|x64
		Release|Any CPU = Release|Any CPU
		Release|x64 = Release|x64
	EndGlobalSection
	GlobalSection(ProjectConfigurationPlatforms) = postSolution
		{7976E078-C29C-487D-B354-F9ED8A497178}.Debug|Any CPU.ActiveCfg = Debug|x64
		{7976E078-C29C-487D-B354-F9ED8A497178}.Debug|x64.ActiveCfg = Debug|x64
		{7976E078-C29C-487D-B354-F9ED8A497178}.Debug|x64.Build.0 = Debug|x64
		{7976E078-C29C-487D-B354-F9ED8A497178}.Release|Any CPU.ActiveCfg = Release|x64
		{7976E078-C29C-487D-B354-F9ED8A497178}.Release|x64.ActiveCfg = Release|x64
		{7976E078-C29C-487D-B354-F9ED8A497178}.Release|x64.Build.0 = Release|x64
		{DE0DFFEB-5F85-49D8-AD4B-208A369FD70F}.Debug|Any CPU.ActiveCfg = Debug|x64
		{DE0DFFEB-5F85-49D8-AD4B-208A369FD70F}.Debug|x64.ActiveCfg = Debug|x64
		{DE0DFFEB-5F85-49D8-AD4B-208A369FD70F}.Debug|x64.Build.0 = Debug|x64
		{DE0DFFEB-5F85-49D8-AD4B-208A369FD70F}.Release|Any CPU.ActiveCfg = Release|x64
		{DE0DFFEB-5F85-49D8-AD4B-208A369FD70F}.Release|x64.ActiveCfg = Release|x64
		{DE0DFFEB-5F85-49D8-AD4B-208A369FD70F}.Release|x64.Build.0 = Release|x64
		{5AA36598-9DD9-4A61-91E3-4892FB3E33B0}.Debug|Any CPU.ActiveCfg = Debug|Any CPU
		{5AA36598-9DD9-4A61-91E3-4892FB3E33B0}.Debug|Any CPU.Build.0 = Debug|Any CPU
		{5AA36598-9DD9-4A61-91E3-4892FB3E33B0}.Debug|x64.ActiveCfg = Debug|Any CPU
		{5AA36598-9DD9-4A61-91E3-4892FB3E33B0}.Debug|x64.Build.0 = Debug|Any CPU
		{5AA36598-9DD9-4A61-91E3-4892FB3E33B0}.Release|Any CPU.ActiveCfg = Release|Any CPU
		{5AA36598-9DD9-4A61-91E3-4892FB3E33B0}.Release|Any CPU.Build.0 = Release|Any CPU
		{5AA36598-9DD9-4A61-91E3-4892FB3E33B0}.Release|x64.ActiveCfg = Release|Any CPU
		{5AA36598-9DD9-4A61-91E3-4892FB3E33B0}.Release|x64.Build.0 = Release|Any CPU
		{280AFF87-0AB7-4EDF-B9A7-F0B822CDFE36}.Debug|Any CPU.ActiveCfg = Debug|Any CPU
		{280AFF87-0AB7-4EDF-B9A7-F0B822CDFE36}.Debug|Any CPU.Build.0 = Debug|Any CPU
		{280AFF87-0AB7-4EDF-B9A7-F0B822CDFE36}.Debug|x64.ActiveCfg = Debug|Any CPU
		{280AFF87-0AB7-4EDF-B9A7-F0B822CDFE36}.Debug|x64.Build.0 = Debug|Any CPU
		{280AFF87-0AB7-4EDF-B9A7-F0B822CDFE36}.Release|Any CPU.ActiveCfg = Release|Any CPU
		{280AFF87-0AB7-4EDF-B9A7-F0B822CDFE36}.Release|Any CPU.Build.0 = Release|Any CPU
		{280AFF87-0AB7-4EDF-B9A7-F0B822CDFE36}.Release|x64.ActiveCfg = Release|Any CPU
		{280AFF87-0AB7-4EDF-B9A7-F0B822CDFE36}.Release|x64.Build.0 = Release|Any CPU
		{F3CFDFE7-2F05-47CD-8D06-911520FFCAAE}.Debug|Any CPU.ActiveCfg = Debug|Any CPU
		{F3CFDFE7-2F05-47CD-8D06-911520FFCAAE}.Debug|Any CPU.Build.0 = Debug|Any CPU
		{F3CFDFE7-2F05-47CD-8D06-911520FFCAAE}.Debug|x64.ActiveCfg = Debug|Any CPU
		{F3CFDFE7-2F05-47CD-8D06-911520FFCAAE}.Debug|x64.Build.0 = Debug|Any CPU
		{F3CFDFE7-2F05-47CD-8D06-911520FFCAAE}.Release|Any CPU.ActiveCfg = Release|Any CPU
		{F3CFDFE7-2F05-47CD-8D06-911520FFCAAE}.Release|Any CPU.Build.0 = Release|Any CPU
		{F3CFDFE7-2F05-47CD-8D06-911520FFCAAE}.Release|x64.ActiveCfg = Release|Any CPU
		{F3CFDFE7-2F05-47CD-8D06-911520FFCAAE}.Release|x64.Build.0 = Release|Any CPU
		{144DFAC2-CE37-4681-9C24-085B48C4BF6D}.Debug|Any CPU.ActiveCfg = Debug|Any CPU
		{144DFAC2-CE37-4681-9C24-085B48C4BF6D}.Debug|Any CPU.Build.0 = Debug|Any CPU
		{144DFAC2-CE37-4681-9C24-085B48C4BF6D}.Debug|x64.ActiveCfg = Debug|Any CPU
		{144DFAC2-CE37-4681-9C24-085B48C4BF6D}.Debug|x64.Build.0 = Debug|Any CPU
		{144DFAC2-CE37-4681-9C24-085B48C4BF6D}.Release|Any CPU.ActiveCfg = Release|Any CPU
		{144DFAC2-CE37-4681-9C24-085B48C4BF6D}.Release|Any CPU.Build.0 = Release|Any CPU
		{144DFAC2-CE37-4681-9C24-085B48C4BF6D}.Release|x64.ActiveCfg = Release|Any CPU
		{144DFAC2-CE37-4681-9C24-085B48C4BF6D}.Release|x64.Build.0 = Release|Any CPU
		{DD9F1C47-5751-4A37-B415-3A102E587CFD}.Debug|Any CPU.ActiveCfg = Debug|Any CPU
		{DD9F1C47-5751-4A37-B415-3A102E587CFD}.Debug|Any CPU.Build.0 = Debug|Any CPU
		{DD9F1C47-5751-4A37-B415-3A102E587CFD}.Debug|x64.ActiveCfg = Debug|Any CPU
		{DD9F1C47-5751-4A37-B415-3A102E587CFD}.Debug|x64.Build.0 = Debug|Any CPU
		{DD9F1C47-5751-4A37-B415-3A102E587CFD}.Release|Any CPU.ActiveCfg = Release|Any CPU
		{DD9F1C47-5751-4A37-B415-3A102E587CFD}.Release|Any CPU.Build.0 = Release|Any CPU
		{DD9F1C47-5751-4A37-B415-3A102E587CFD}.Release|x64.ActiveCfg = Release|Any CPU
		{DD9F1C47-5751-4A37-B415-3A102E587CFD}.Release|x64.Build.0 = Release|Any CPU
		{50F4A9FC-4F3C-4D24-8859-04386BD2740A}.Debug|Any CPU.ActiveCfg = Debug|Any CPU
		{50F4A9FC-4F3C-4D24-8859-04386BD2740A}.Debug|Any CPU.Build.0 = Debug|Any CPU
		{50F4A9FC-4F3C-4D24-8859-04386BD2740A}.Debug|x64.ActiveCfg = Debug|Any CPU
		{50F4A9FC-4F3C-4D24-8859-04386BD2740A}.Debug|x64.Build.0 = Debug|Any CPU
		{50F4A9FC-4F3C-4D24-8859-04386BD2740A}.Release|Any CPU.ActiveCfg = Release|Any CPU
		{50F4A9FC-4F3C-4D24-8859-04386BD2740A}.Release|Any CPU.Build.0 = Release|Any CPU
		{50F4A9FC-4F3C-4D24-8859-04386BD2740A}.Release|x64.ActiveCfg = Release|Any CPU
		{50F4A9FC-4F3C-4D24-8859-04386BD2740A}.Release|x64.Build.0 = Release|Any CPU
		{8FCFC3F3-EBA1-4703-8054-E15D12DBB1B8}.Debug|Any CPU.ActiveCfg = Debug|Any CPU
		{8FCFC3F3-EBA1-4703-8054-E15D12DBB1B8}.Debug|Any CPU.Build.0 = Debug|Any CPU
		{8FCFC3F3-EBA1-4703-8054-E15D12DBB1B8}.Debug|x64.ActiveCfg = Debug|Any CPU
		{8FCFC3F3-EBA1-4703-8054-E15D12DBB1B8}.Debug|x64.Build.0 = Debug|Any CPU
		{8FCFC3F3-EBA1-4703-8054-E15D12DBB1B8}.Release|Any CPU.ActiveCfg = Release|Any CPU
		{8FCFC3F3-EBA1-4703-8054-E15D12DBB1B8}.Release|Any CPU.Build.0 = Release|Any CPU
		{8FCFC3F3-EBA1-4703-8054-E15D12DBB1B8}.Release|x64.ActiveCfg = Release|Any CPU
		{8FCFC3F3-EBA1-4703-8054-E15D12DBB1B8}.Release|x64.Build.0 = Release|Any CPU
		{B7ABC440-169A-40CD-AF59-F1C66E2C48A8}.Debug|Any CPU.ActiveCfg = Debug|Any CPU
		{B7ABC440-169A-40CD-AF59-F1C66E2C48A8}.Debug|Any CPU.Build.0 = Debug|Any CPU
		{B7ABC440-169A-40CD-AF59-F1C66E2C48A8}.Debug|x64.ActiveCfg = Debug|Any CPU
		{B7ABC440-169A-40CD-AF59-F1C66E2C48A8}.Debug|x64.Build.0 = Debug|Any CPU
		{B7ABC440-169A-40CD-AF59-F1C66E2C48A8}.Release|Any CPU.ActiveCfg = Release|Any CPU
		{B7ABC440-169A-40CD-AF59-F1C66E2C48A8}.Release|Any CPU.Build.0 = Release|Any CPU
		{B7ABC440-169A-40CD-AF59-F1C66E2C48A8}.Release|x64.ActiveCfg = Release|Any CPU
		{B7ABC440-169A-40CD-AF59-F1C66E2C48A8}.Release|x64.Build.0 = Release|Any CPU
		{17A24EDC-8094-42CD-BE5B-C2BDF85001F8}.Debug|Any CPU.ActiveCfg = Debug|Any CPU
		{17A24EDC-8094-42CD-BE5B-C2BDF85001F8}.Debug|Any CPU.Build.0 = Debug|Any CPU
		{17A24EDC-8094-42CD-BE5B-C2BDF85001F8}.Debug|x64.ActiveCfg = Debug|Any CPU
		{17A24EDC-8094-42CD-BE5B-C2BDF85001F8}.Debug|x64.Build.0 = Debug|Any CPU
		{17A24EDC-8094-42CD-BE5B-C2BDF85001F8}.Release|Any CPU.ActiveCfg = Release|Any CPU
		{17A24EDC-8094-42CD-BE5B-C2BDF85001F8}.Release|Any CPU.Build.0 = Release|Any CPU
		{17A24EDC-8094-42CD-BE5B-C2BDF85001F8}.Release|x64.ActiveCfg = Release|Any CPU
		{17A24EDC-8094-42CD-BE5B-C2BDF85001F8}.Release|x64.Build.0 = Release|Any CPU
		{01A4BE6A-4C94-4967-AF8C-2FA0C7CA2890}.Debug|Any CPU.ActiveCfg = Debug|Any CPU
		{01A4BE6A-4C94-4967-AF8C-2FA0C7CA2890}.Debug|Any CPU.Build.0 = Debug|Any CPU
		{01A4BE6A-4C94-4967-AF8C-2FA0C7CA2890}.Debug|x64.ActiveCfg = Debug|Any CPU
		{01A4BE6A-4C94-4967-AF8C-2FA0C7CA2890}.Debug|x64.Build.0 = Debug|Any CPU
		{01A4BE6A-4C94-4967-AF8C-2FA0C7CA2890}.Release|Any CPU.ActiveCfg = Release|Any CPU
		{01A4BE6A-4C94-4967-AF8C-2FA0C7CA2890}.Release|Any CPU.Build.0 = Release|Any CPU
		{01A4BE6A-4C94-4967-AF8C-2FA0C7CA2890}.Release|x64.ActiveCfg = Release|Any CPU
		{01A4BE6A-4C94-4967-AF8C-2FA0C7CA2890}.Release|x64.Build.0 = Release|Any CPU
		{8436BCF8-A58D-416B-86B4-4261B5B0B1A6}.Debug|Any CPU.ActiveCfg = Debug|Any CPU
		{8436BCF8-A58D-416B-86B4-4261B5B0B1A6}.Debug|Any CPU.Build.0 = Debug|Any CPU
		{8436BCF8-A58D-416B-86B4-4261B5B0B1A6}.Debug|x64.ActiveCfg = Debug|Any CPU
		{8436BCF8-A58D-416B-86B4-4261B5B0B1A6}.Debug|x64.Build.0 = Debug|Any CPU
		{8436BCF8-A58D-416B-86B4-4261B5B0B1A6}.Release|Any CPU.ActiveCfg = Release|Any CPU
		{8436BCF8-A58D-416B-86B4-4261B5B0B1A6}.Release|Any CPU.Build.0 = Release|Any CPU
		{8436BCF8-A58D-416B-86B4-4261B5B0B1A6}.Release|x64.ActiveCfg = Release|Any CPU
		{8436BCF8-A58D-416B-86B4-4261B5B0B1A6}.Release|x64.Build.0 = Release|Any CPU
		{203DE4FA-BD97-4A63-A475-F87B4C73539A}.Debug|Any CPU.ActiveCfg = Debug|Any CPU
		{203DE4FA-BD97-4A63-A475-F87B4C73539A}.Debug|Any CPU.Build.0 = Debug|Any CPU
		{203DE4FA-BD97-4A63-A475-F87B4C73539A}.Debug|x64.ActiveCfg = Debug|Any CPU
		{203DE4FA-BD97-4A63-A475-F87B4C73539A}.Debug|x64.Build.0 = Debug|Any CPU
		{203DE4FA-BD97-4A63-A475-F87B4C73539A}.Release|Any CPU.ActiveCfg = Release|Any CPU
		{203DE4FA-BD97-4A63-A475-F87B4C73539A}.Release|Any CPU.Build.0 = Release|Any CPU
		{203DE4FA-BD97-4A63-A475-F87B4C73539A}.Release|x64.ActiveCfg = Release|Any CPU
		{203DE4FA-BD97-4A63-A475-F87B4C73539A}.Release|x64.Build.0 = Release|Any CPU
		{D914414D-054A-4A89-B9D3-A243EA534A70}.Debug|Any CPU.ActiveCfg = Debug|Any CPU
		{D914414D-054A-4A89-B9D3-A243EA534A70}.Debug|Any CPU.Build.0 = Debug|Any CPU
		{D914414D-054A-4A89-B9D3-A243EA534A70}.Debug|x64.ActiveCfg = Debug|Any CPU
		{D914414D-054A-4A89-B9D3-A243EA534A70}.Debug|x64.Build.0 = Debug|Any CPU
		{D914414D-054A-4A89-B9D3-A243EA534A70}.Release|Any CPU.ActiveCfg = Release|Any CPU
		{D914414D-054A-4A89-B9D3-A243EA534A70}.Release|Any CPU.Build.0 = Release|Any CPU
		{D914414D-054A-4A89-B9D3-A243EA534A70}.Release|x64.ActiveCfg = Release|Any CPU
		{D914414D-054A-4A89-B9D3-A243EA534A70}.Release|x64.Build.0 = Release|Any CPU
		{531668FB-7250-412E-AD05-3FA5FC94F2FA}.Debug|Any CPU.ActiveCfg = Debug|Any CPU
		{531668FB-7250-412E-AD05-3FA5FC94F2FA}.Debug|Any CPU.Build.0 = Debug|Any CPU
		{531668FB-7250-412E-AD05-3FA5FC94F2FA}.Debug|x64.ActiveCfg = Debug|Any CPU
		{531668FB-7250-412E-AD05-3FA5FC94F2FA}.Debug|x64.Build.0 = Debug|Any CPU
		{531668FB-7250-412E-AD05-3FA5FC94F2FA}.Release|Any CPU.ActiveCfg = Release|Any CPU
		{531668FB-7250-412E-AD05-3FA5FC94F2FA}.Release|Any CPU.Build.0 = Release|Any CPU
		{531668FB-7250-412E-AD05-3FA5FC94F2FA}.Release|x64.ActiveCfg = Release|Any CPU
		{531668FB-7250-412E-AD05-3FA5FC94F2FA}.Release|x64.Build.0 = Release|Any CPU
		{53CA09BA-62D9-4BBA-AE3F-AD552FEC5350}.Debug|Any CPU.ActiveCfg = Debug|Any CPU
		{53CA09BA-62D9-4BBA-AE3F-AD552FEC5350}.Debug|Any CPU.Build.0 = Debug|Any CPU
		{53CA09BA-62D9-4BBA-AE3F-AD552FEC5350}.Debug|x64.ActiveCfg = Debug|Any CPU
		{53CA09BA-62D9-4BBA-AE3F-AD552FEC5350}.Debug|x64.Build.0 = Debug|Any CPU
		{53CA09BA-62D9-4BBA-AE3F-AD552FEC5350}.Release|Any CPU.ActiveCfg = Release|Any CPU
		{53CA09BA-62D9-4BBA-AE3F-AD552FEC5350}.Release|Any CPU.Build.0 = Release|Any CPU
		{53CA09BA-62D9-4BBA-AE3F-AD552FEC5350}.Release|x64.ActiveCfg = Release|Any CPU
		{53CA09BA-62D9-4BBA-AE3F-AD552FEC5350}.Release|x64.Build.0 = Release|Any CPU
		{10B1FC68-71BB-4E23-8CEE-CFDEE733C39F}.Debug|Any CPU.ActiveCfg = Debug|Any CPU
		{10B1FC68-71BB-4E23-8CEE-CFDEE733C39F}.Debug|Any CPU.Build.0 = Debug|Any CPU
		{10B1FC68-71BB-4E23-8CEE-CFDEE733C39F}.Debug|x64.ActiveCfg = Debug|Any CPU
		{10B1FC68-71BB-4E23-8CEE-CFDEE733C39F}.Debug|x64.Build.0 = Debug|Any CPU
		{10B1FC68-71BB-4E23-8CEE-CFDEE733C39F}.Release|Any CPU.ActiveCfg = Release|Any CPU
		{10B1FC68-71BB-4E23-8CEE-CFDEE733C39F}.Release|Any CPU.Build.0 = Release|Any CPU
		{10B1FC68-71BB-4E23-8CEE-CFDEE733C39F}.Release|x64.ActiveCfg = Release|Any CPU
		{10B1FC68-71BB-4E23-8CEE-CFDEE733C39F}.Release|x64.Build.0 = Release|Any CPU
		{FA109D4B-F49F-48F1-83FF-76661A3764A6}.Debug|Any CPU.ActiveCfg = Debug|Any CPU
		{FA109D4B-F49F-48F1-83FF-76661A3764A6}.Debug|Any CPU.Build.0 = Debug|Any CPU
		{FA109D4B-F49F-48F1-83FF-76661A3764A6}.Debug|x64.ActiveCfg = Debug|Any CPU
		{FA109D4B-F49F-48F1-83FF-76661A3764A6}.Debug|x64.Build.0 = Debug|Any CPU
		{FA109D4B-F49F-48F1-83FF-76661A3764A6}.Release|Any CPU.ActiveCfg = Release|Any CPU
		{FA109D4B-F49F-48F1-83FF-76661A3764A6}.Release|Any CPU.Build.0 = Release|Any CPU
		{FA109D4B-F49F-48F1-83FF-76661A3764A6}.Release|x64.ActiveCfg = Release|Any CPU
		{FA109D4B-F49F-48F1-83FF-76661A3764A6}.Release|x64.Build.0 = Release|Any CPU
		{9858EBFC-4DCC-4FB9-A7B6-97D7E4F6BB30}.Debug|Any CPU.ActiveCfg = Debug|Any CPU
		{9858EBFC-4DCC-4FB9-A7B6-97D7E4F6BB30}.Debug|Any CPU.Build.0 = Debug|Any CPU
		{9858EBFC-4DCC-4FB9-A7B6-97D7E4F6BB30}.Debug|x64.ActiveCfg = Debug|Any CPU
		{9858EBFC-4DCC-4FB9-A7B6-97D7E4F6BB30}.Debug|x64.Build.0 = Debug|Any CPU
		{9858EBFC-4DCC-4FB9-A7B6-97D7E4F6BB30}.Release|Any CPU.ActiveCfg = Release|Any CPU
		{9858EBFC-4DCC-4FB9-A7B6-97D7E4F6BB30}.Release|Any CPU.Build.0 = Release|Any CPU
		{9858EBFC-4DCC-4FB9-A7B6-97D7E4F6BB30}.Release|x64.ActiveCfg = Release|Any CPU
		{9858EBFC-4DCC-4FB9-A7B6-97D7E4F6BB30}.Release|x64.Build.0 = Release|Any CPU
		{D580E8AD-7A8D-4AC4-849C-D86BE88CDFC2}.Debug|Any CPU.ActiveCfg = Debug|Any CPU
		{D580E8AD-7A8D-4AC4-849C-D86BE88CDFC2}.Debug|Any CPU.Build.0 = Debug|Any CPU
		{D580E8AD-7A8D-4AC4-849C-D86BE88CDFC2}.Debug|x64.ActiveCfg = Debug|Any CPU
		{D580E8AD-7A8D-4AC4-849C-D86BE88CDFC2}.Debug|x64.Build.0 = Debug|Any CPU
		{D580E8AD-7A8D-4AC4-849C-D86BE88CDFC2}.Release|Any CPU.ActiveCfg = Release|Any CPU
		{D580E8AD-7A8D-4AC4-849C-D86BE88CDFC2}.Release|Any CPU.Build.0 = Release|Any CPU
		{D580E8AD-7A8D-4AC4-849C-D86BE88CDFC2}.Release|x64.ActiveCfg = Release|Any CPU
		{D580E8AD-7A8D-4AC4-849C-D86BE88CDFC2}.Release|x64.Build.0 = Release|Any CPU
	EndGlobalSection
	GlobalSection(SolutionProperties) = preSolution
		HideSolutionNode = FALSE
	EndGlobalSection
	GlobalSection(ExtensibilityGlobals) = postSolution
		SolutionGuid = {F7D316A9-0250-46E3-931E-791233A0566B}
	EndGlobalSection
EndGlobal
