<?xml version="1.0" encoding="utf-8"?>
<Project ToolsVersion="4.0" xmlns="http://schemas.microsoft.com/developer/msbuild/2003">
  <ItemGroup>
    <Filter Include="Source Files">
      <UniqueIdentifier>{4FC737F1-C7A5-4376-A066-2A32D752A2FF}</UniqueIdentifier>
      <Extensions>cpp;c;cc;cxx;def;odl;idl;hpj;bat;asm;asmx</Extensions>
    </Filter>
    <Filter Include="Header Files">
      <UniqueIdentifier>{93995380-89BD-4b04-88EB-625FBE52EBFB}</UniqueIdentifier>
      <Extensions>h;hh;hpp;hxx;hm;inl;inc;ipp;xsd</Extensions>
    </Filter>
    <Filter Include="Resource Files">
      <UniqueIdentifier>{67DA6AB6-F800-4c08-8B7A-83BB121AAD01}</UniqueIdentifier>
      <Extensions>rc;ico;cur;bmp;dlg;rc2;rct;bin;rgs;gif;jpg;jpeg;jpe;resx;tiff;tif;png;wav;mfcribbon-ms</Extensions>
    </Filter>
  </ItemGroup>
  <ItemGroup>
    <ClCompile Include="LibTorchSharp\cifar10.cpp">
      <Filter>Source Files</Filter>
    </ClCompile>
    <ClCompile Include="LibTorchSharp\THSAutograd.cpp">
      <Filter>Source Files</Filter>
    </ClCompile>
    <ClCompile Include="LibTorchSharp\THSData.cpp">
      <Filter>Source Files</Filter>
    </ClCompile>
    <ClCompile Include="LibTorchSharp\THSJIT.cpp">
      <Filter>Source Files</Filter>
    </ClCompile>
    <ClCompile Include="LibTorchSharp\THSNN.cpp">
      <Filter>Source Files</Filter>
    </ClCompile>
    <ClCompile Include="LibTorchSharp\THSTensor.cpp">
      <Filter>Source Files</Filter>
    </ClCompile>
    <ClCompile Include="LibTorchSharp\THSTorch.cpp">
      <Filter>Source Files</Filter>
    </ClCompile>
    <ClCompile Include="LibTorchSharp\Utils.cpp">
      <Filter>Source Files</Filter>
    </ClCompile>
    <ClCompile Include="LibTorchSharp\ResNet.cpp">
      <Filter>Source Files</Filter>
    </ClCompile>
    <ClCompile Include="LibTorchSharp\UNet3D.cpp">
      <Filter>Source Files</Filter>
    </ClCompile>
    <ClCompile Include="LibTorchSharp\MultiGPUModule.cpp">
      <Filter>Source Files</Filter>
    </ClCompile>
    <ClCompile Include="LibTorchSharp\UNet2D.cpp">
      <Filter>Source Files</Filter>
    </ClCompile>
    <ClCompile Include="LibTorchSharp\ParticleWGAN.cpp">
      <Filter>Source Files</Filter>
    </ClCompile>
    <ClCompile Include="LibTorchSharp\DistanceNet.cpp">
      <Filter>Source Files</Filter>
    </ClCompile>
    <ClCompile Include="LibTorchSharp\C2DNet.cpp">
      <Filter>Source Files</Filter>
    </ClCompile>
    <ClCompile Include="LibTorchSharp\MLP.cpp">
      <Filter>Source Files</Filter>
    </ClCompile>
    <ClCompile Include="LibTorchSharp\Discriminator3D.cpp">
      <Filter>Source Files</Filter>
    </ClCompile>
    <ClCompile Include="LibTorchSharp\Conv3dStd.cpp">
      <Filter>Source Files</Filter>
    </ClCompile>
    <ClCompile Include="LibTorchSharp\PoseToMatrix3D.cpp">
      <Filter>Source Files</Filter>
    </ClCompile>
    <ClCompile Include="LibTorchSharp\BoxNetMulti.cpp">
      <Filter>Source Files</Filter>
    </ClCompile>
  </ItemGroup>
  <ItemGroup>
    <ClInclude Include="LibTorchSharp\cifar10.h">
      <Filter>Header Files</Filter>
    </ClInclude>
    <ClInclude Include="LibTorchSharp\THSAutograd.h">
      <Filter>Header Files</Filter>
    </ClInclude>
    <ClInclude Include="LibTorchSharp\THSData.h">
      <Filter>Header Files</Filter>
    </ClInclude>
    <ClInclude Include="LibTorchSharp\THSJIT.h">
      <Filter>Header Files</Filter>
    </ClInclude>
    <ClInclude Include="LibTorchSharp\THSNN.h">
      <Filter>Header Files</Filter>
    </ClInclude>
    <ClInclude Include="LibTorchSharp\THSTensor.h">
      <Filter>Header Files</Filter>
    </ClInclude>
    <ClInclude Include="LibTorchSharp\THSTorch.h">
      <Filter>Header Files</Filter>
    </ClInclude>
    <ClInclude Include="LibTorchSharp\Utils.h">
      <Filter>Header Files</Filter>
    </ClInclude>
    <ClInclude Include="Stdafx.h">
      <Filter>Header Files</Filter>
    </ClInclude>
    <ClInclude Include="UnixSal.h">
      <Filter>Header Files</Filter>
    </ClInclude>
    <ClInclude Include="LibTorchSharp\CustomModules.h">
      <Filter>Header Files</Filter>
    </ClInclude>
    <ClInclude Include="LibTorchSharp\parallel.h">
      <Filter>Header Files</Filter>
    </ClInclude>
    <ClInclude Include="LibTorchSharp\MultiGPUModule.h">
      <Filter>Header Files</Filter>
    </ClInclude>
  </ItemGroup>
</Project>